# This file is autogenerated, do not edit; changes may be undone by the next 'dep ensure'.


[[projects]]
  name = "github.com/BurntSushi/toml"
  packages = ["."]
  revision = "b26d9c308763d68093482582cea63d69be07a0f0"
  version = "v0.3.0"

[[projects]]
  branch = "master"
  name = "github.com/c2h5oh/datasize"
  packages = ["."]
  revision = "4eba002a5eaea69cf8d235a388fc6b65ae68d2dd"

[[projects]]
  name = "github.com/davecgh/go-spew"
  packages = ["spew"]
  revision = "346938d642f2ec3594ed81d874461961cd0faa76"
  version = "v1.1.0"

[[projects]]
  name = "github.com/nats-io/gnatsd"
  packages = [
    "conf",
    "logger",
    "server",
    "server/pse",
    "test",
    "util"
  ]
  revision = "4ccbd2e3bac4a1e1f32ed760549f1f26560f58be"
  version = "v1.0.2"

[[projects]]
  name = "github.com/nats-io/go-nats"
  packages = [
    ".",
    "encoders/builtin",
    "util"
  ]
  revision = "29f9728a183bf3fa7e809e14edac00b33be72088"
  version = "v1.3.0"

[[projects]]
  name = "github.com/nats-io/nuid"
  packages = ["."]
  revision = "289cccf02c178dc782430d534e3c1f5b72af807f"
  version = "v1.0.0"

[[projects]]
  name = "github.com/pmezard/go-difflib"
  packages = ["difflib"]
  revision = "792786c7400a136282c1664665ae0a8db921c6c2"
  version = "v1.0.0"

[[projects]]
  branch = "master"
  name = "github.com/spf13/afero"
  packages = [
    ".",
    "mem"
  ]
  revision = "ee1bd8ee15a1306d1f9201acc41ef39cd9f99a1b"

[[projects]]
  name = "github.com/stretchr/testify"
  packages = [
    "assert",
    "require"
  ]
  revision = "12b6f73e6084dad08a7c6e575284b177ecafbc71"
  version = "v1.2.1"

[[projects]]
  branch = "master"
  name = "golang.org/x/crypto"
  packages = [
    "bcrypt",
    "blowfish",
    "ssh/terminal"
  ]
  revision = "7d9177d70076375b9a59c8fde23d52d9c4a7ecd5"

[[projects]]
  branch = "master"
  name = "golang.org/x/perf"
  packages = [
    "benchstat",
    "internal/stats",
    "storage/benchfmt"
  ]
  revision = "ea1fc7ea91ba64ca9b3d0d016e9627a931b6abf8"

[[projects]]
  branch = "master"
  name = "golang.org/x/sys"
  packages = [
    "unix",
    "windows",
    "windows/registry",
    "windows/svc",
    "windows/svc/debug",
    "windows/svc/eventlog",
    "windows/svc/mgr"
  ]
  revision = "1f337fdb7fffc2ab9c536b9b462da1521d706042"

[[projects]]
  branch = "master"
  name = "golang.org/x/text"
  packages = [
    "internal/gen",
    "internal/triegen",
    "internal/ucd",
    "transform",
    "unicode/cldr",
    "unicode/norm"
  ]
  revision = "1cbadb444a806fd9430d14ad08967ed91da4fa0a"

[solve-meta]
  analyzer-name = "dep"
  analyzer-version = 1
  inputs-digest = "114fc9361dd5ed4f25efccba557d67d98a7af1524f8b049cadb07bacd5e6d078"
  solver-name = "gps-cdcl"
  solver-version = 1
